{
  "requires": true,
  "lockfileVersion": 1,
  "dependencies": {
    "@angular-schule/workshop-styles": {
      "version": "1.0.0",
      "resolved": "https://registry.npmjs.org/@angular-schule/workshop-styles/-/workshop-styles-1.0.0.tgz",
      "integrity": "sha512-PoxRVCsPsbFtZR6TAnuzegl8xsLznQTWyBGOudffAMCU1caLbjdBFkdLXljUhzgYY+temqwqvJcZFmFgQOwcLg==",
      "requires": {
        "bootstrap": "4.0.0"
      }
    },
    "bootstrap": {
      "version": "4.0.0",
      "resolved": "https://registry.npmjs.org/bootstrap/-/bootstrap-4.0.0.tgz",
      "integrity": "sha512-gulJE5dGFo6Q61V/whS6VM4WIyrlydXfCgkE+Gxe5hjrJ8rXLLZlALq7zq2RPhOc45PSwQpJkrTnc2KgD6cvmA=="
    }
  }
}
